<?xml version="1.0" encoding="utf-8"?>
<Project ToolsVersion="4.0" xmlns="http://schemas.microsoft.com/developer/msbuild/2003">
  <ItemGroup>
    <Filter Include="Source Files">
      <UniqueIdentifier>{4FC737F1-C7A5-4376-A066-2A32D752A2FF}</UniqueIdentifier>
      <Extensions>cpp;c;cc;cxx;c++;cppm;ixx;def;odl;idl;hpj;bat;asm;asmx</Extensions>
    </Filter>
    <Filter Include="Header Files">
      <UniqueIdentifier>{93995380-89BD-4b04-88EB-625FBE52EBFB}</UniqueIdentifier>
      <Extensions>h;hh;hpp;hxx;h++;hm;inl;inc;ipp;xsd</Extensions>
    </Filter>
    <Filter Include="Resource Files">
      <UniqueIdentifier>{67DA6AB6-F800-4c08-8B7A-83BB121AAD01}</UniqueIdentifier>
      <Extensions>rc;ico;cur;bmp;dlg;rc2;rct;bin;rgs;gif;jpg;jpeg;jpe;resx;tiff;tif;png;wav;mfcribbon-ms</Extensions>
    </Filter>
  </ItemGroup>
  <ItemGroup>
    <ClCompile Include="JeuP11.cpp">
      <Filter>Source Files</Filter>
    </ClCompile>
    <ClCompile Include="include\serial\SerialPort.cpp">
      <Filter>Source Files</Filter>
    </ClCompile>
    <ClCompile Include="ES.cpp">
      <Filter>Source Files</Filter>
    </ClCompile>
    <ClCompile Include="Pointage.cpp">
      <Filter>Source Files</Filter>
    </ClCompile>
    <ClCompile Include="Tuile.cpp">
      <Filter>Source Files</Filter>
    </ClCompile>
    <ClCompile Include="Fenetre.cpp">
      <Filter>Source Files</Filter>
    </ClCompile>
    <ClCompile Include="FenetreJeu.cpp">
      <Filter>Source Files</Filter>
    </ClCompile>
    <ClCompile Include="FenetreJeuPiano.cpp">
      <Filter>Source Files</Filter>
    </ClCompile>
    <ClCompile Include="FenetreMenu.cpp">
      <Filter>Source Files</Filter>
    </ClCompile>
    <ClCompile Include="FenetrePointages.cpp">
      <Filter>Source Files</Filter>
    </ClCompile>
    <ClCompile Include="FenetreTests.cpp">
      <Filter>Source Files</Filter>
    </ClCompile>
    <ClCompile Include="FenetreMiniJeu.cpp">
      <Filter>Source Files</Filter>
    </ClCompile>
    <ClCompile Include="Niveau.cpp">
      <Filter>Source Files</Filter>
    </ClCompile>
    <ClCompile Include="Chronometre.cpp">
      <Filter>Source Files</Filter>
    </ClCompile>
    <ClCompile Include="Tests.cpp">
      <Filter>Source Files</Filter>
    </ClCompile>
    <ClCompile Include="Evenement.cpp">
      <Filter>Source Files</Filter>
    </ClCompile>
    <ClCompile Include="Bouton.cpp">
      <Filter>Source Files</Filter>
    </ClCompile>
    <ClCompile Include="Joystick.cpp">
      <Filter>Source Files</Filter>
    </ClCompile>
    <ClCompile Include="Accel.cpp">
      <Filter>Source Files</Filter>
    </ClCompile>
    <ClCompile Include="Bargraph.cpp">
      <Filter>Source Files</Filter>
    </ClCompile>
    <ClCompile Include="Vibration.cpp">
      <Filter>Source Files</Filter>
    </ClCompile>
    <ClCompile Include="Boussole.cpp">
      <Filter>Source Files</Filter>
    </ClCompile>
    <ClCompile Include="FenetreJeuMineur.cpp">
      <Filter>Source Files</Filter>
    </ClCompile>
  </ItemGroup>
  <ItemGroup>
    <ClInclude Include="FenetreMenu.h">
      <Filter>Header Files</Filter>
    </ClInclude>
    <ClInclude Include="FenetrePointages.h">
      <Filter>Header Files</Filter>
    </ClInclude>
    <ClInclude Include="FenetreTests.h">
      <Filter>Header Files</Filter>
    </ClInclude>
    <ClInclude Include="GABARIT_CLASS.h">
      <Filter>Header Files</Filter>
    </ClInclude>
    <ClInclude Include="FenetreMiniJeu.h">
      <Filter>Header Files</Filter>
    </ClInclude>
    <ClInclude Include="Niveau.h">
      <Filter>Header Files</Filter>
    </ClInclude>
    <ClInclude Include="Tuile.h">
      <Filter>Header Files</Filter>
    </ClInclude>
    <ClInclude Include="Acteur.h">
      <Filter>Header Files</Filter>
    </ClInclude>
    <ClInclude Include="CONSTANTES.h">
      <Filter>Header Files</Filter>
    </ClInclude>
    <ClInclude Include="Coordonnee.h">
      <Filter>Header Files</Filter>
    </ClInclude>
    <ClInclude Include="Fenetre.h">
      <Filter>Header Files</Filter>
    </ClInclude>
    <ClInclude Include="FenetreJeu.h">
      <Filter>Header Files</Filter>
    </ClInclude>
    <ClInclude Include="FenetreJeuPiano.h">
      <Filter>Header Files</Filter>
    </ClInclude>
    <ClInclude Include="ES.h">
      <Filter>Header Files</Filter>
    </ClInclude>
    <ClInclude Include="Pointage.h">
      <Filter>Header Files</Filter>
    </ClInclude>
    <ClInclude Include="include\serial\SerialPort.hpp">
      <Filter>Header Files</Filter>
    </ClInclude>
    <ClInclude Include="include\json.hpp">
      <Filter>Header Files</Filter>
    </ClInclude>
    <ClInclude Include="Chronometre.h">
      <Filter>Header Files</Filter>
    </ClInclude>
    <ClInclude Include="Tests.h">
      <Filter>Header Files</Filter>
    </ClInclude>
    <ClInclude Include="Evenement.h">
      <Filter>Header Files</Filter>
    </ClInclude>
    <ClInclude Include="Bouton.h">
      <Filter>Header Files</Filter>
    </ClInclude>
    <ClInclude Include="Joystick.h">
      <Filter>Header Files</Filter>
    </ClInclude>
    <ClInclude Include="Accel.h">
      <Filter>Header Files</Filter>
    </ClInclude>
    <ClInclude Include="Bargraph.h">
      <Filter>Header Files</Filter>
    </ClInclude>
    <ClInclude Include="Vibration.h">
      <Filter>Header Files</Filter>
    </ClInclude>
    <ClInclude Include="Boussole.h">
      <Filter>Header Files</Filter>
    </ClInclude>
    <ClInclude Include="FenetreJeuMineur.h">
      <Filter>Header Files</Filter>
    </ClInclude>
  </ItemGroup>
  <ItemGroup>
    <None Include="c_gabarit_20_40.csv">
      <Filter>Resource Files</Filter>
    </None>
    <None Include="chanson_1.csv">
      <Filter>Resource Files</Filter>
    </None>
    <None Include="c_gabarit_30_60.csv">
      <Filter>Resource Files</Filter>
    </None>
  </ItemGroup>
  <ItemGroup>
    <Text Include="pointages.txt">
      <Filter>Resource Files</Filter>
    </Text>
  </ItemGroup>
</Project>