<?xml version="1.0" encoding="utf-8"?>
<Project ToolsVersion="4.0" xmlns="http://schemas.microsoft.com/developer/msbuild/2003">
  <ItemGroup>
    <ClCompile Include="Accel.cpp" />
    <ClCompile Include="Bargraph.cpp" />
    <ClCompile Include="Boussole.cpp" />
    <ClCompile Include="Bouton.cpp" />
    <ClCompile Include="Chronometre.cpp" />
    <ClCompile Include="CR_Vehicule.cpp" />
    <ClCompile Include="ES.cpp" />
    <ClCompile Include="Evenement.cpp" />
    <ClCompile Include="Fenetre.cpp" />
    <ClCompile Include="FenetreCR.cpp" />
    <ClCompile Include="FenetreJeu.cpp" />
    <ClCompile Include="FenetreJeuPeche.cpp" />
    <ClCompile Include="FenetreJeuMineur.cpp" />
    <ClCompile Include="FenetreJeuPiano.cpp" />
    <ClCompile Include="FenetreMenu.cpp" />
    <ClCompile Include="FenetrePointages.cpp" />
    <ClCompile Include="FenetreTests.cpp" />
    <ClCompile Include="include\serial\SerialPort.cpp" />
    <ClCompile Include="JeuP11.cpp" />
    <ClCompile Include="Joystick.cpp" />
    <ClCompile Include="FenetreMiniJeu.cpp" />
    <ClCompile Include="Muons.cpp" />
    <ClCompile Include="Niveau.cpp" />
    <ClCompile Include="Pointage.cpp" />
    <ClCompile Include="QuadBargraph.cpp" />
    <ClCompile Include="Tests.cpp" />
    <ClCompile Include="Tuile.cpp" />
    <ClCompile Include="Vibration.cpp" />
  </ItemGroup>
  <ItemGroup>
    <ClInclude Include="Accel.h" />
    <ClInclude Include="Acteur.h" />
    <ClInclude Include="Bargraph.h" />
    <ClInclude Include="Boussole.h" />
    <ClInclude Include="Bouton.h" />
    <ClInclude Include="Chronometre.h" />
    <ClInclude Include="CONSTANTES.h" />
    <ClInclude Include="Coordonnee.h" />
    <ClInclude Include="CR_Vehicule.h" />
    <ClInclude Include="ES.h" />
    <ClInclude Include="Evenement.h" />
    <ClInclude Include="Fenetre.h" />
    <ClInclude Include="FenetreCR.h" />
    <ClInclude Include="FenetreJeu.h" />
    <ClInclude Include="FenetreJeuMineur.h" />
    <ClInclude Include="FenetreJeuPiano.h" />
    <ClInclude Include="FenetreMenu.h" />
    <ClInclude Include="FenetrePointages.h" />
    <ClInclude Include="FenetreTests.h" />
    <ClInclude Include="GABARIT_CLASS.h" />
    <ClInclude Include="FenetreJeuPeche.h" />
    <ClInclude Include="include\serial\SerialPort.hpp" />
    <ClInclude Include="Joystick.h" />
    <ClInclude Include="FenetreMiniJeu.h" />
    <ClInclude Include="Muons.h" />
    <ClInclude Include="Niveau.h" />
    <ClInclude Include="Pointage.h" />
    <ClInclude Include="QuadBargraph.h" />
    <ClInclude Include="Tests.h" />
    <ClInclude Include="Tuile.h" />
    <ClInclude Include="Vibration.h" />
  </ItemGroup>
  <ItemGroup>
    <Media Include="StillDre.wav" />
  </ItemGroup>
  <ItemGroup>
    <None Include="chanson_1.csv" />
    <None Include="c_gabarit_20_40.csv" />
    <None Include="c_gabarit_30_60.csv" />
  </ItemGroup>
  <ItemGroup>
    <Text Include="pointages.txt" />
  </ItemGroup>
</Project>